// !$*UTF8*$!
{
	archiveVersion = 1;
	classes = {
	};
	objectVersion = 56;
	objects = {

/* Begin PBXBuildFile section */
		9378AB8F2C01E71D00856A2A /* RunningDetailView.swift in Sources */ = {isa = PBXBuildFile; fileRef = 9378AB8E2C01E71D00856A2A /* RunningDetailView.swift */; };
		93F7E5332C007FEE00E37F1E /* Testing Watch App.app in Embed Watch Content */ = {isa = PBXBuildFile; fileRef = 93F7E5322C007FEE00E37F1E /* Testing Watch App.app */; settings = {ATTRIBUTES = (RemoveHeadersOnCopy, ); }; };
		93F7E5382C007FEE00E37F1E /* TestingApp.swift in Sources */ = {isa = PBXBuildFile; fileRef = 93F7E5372C007FEE00E37F1E /* TestingApp.swift */; };
		93F7E53A2C007FEE00E37F1E /* ContentView.swift in Sources */ = {isa = PBXBuildFile; fileRef = 93F7E5392C007FEE00E37F1E /* ContentView.swift */; };
		93F7E53C2C007FEE00E37F1E /* Assets.xcassets in Resources */ = {isa = PBXBuildFile; fileRef = 93F7E53B2C007FEE00E37F1E /* Assets.xcassets */; };
		93F7E53F2C007FEE00E37F1E /* Preview Assets.xcassets in Resources */ = {isa = PBXBuildFile; fileRef = 93F7E53E2C007FEE00E37F1E /* Preview Assets.xcassets */; };
/* End PBXBuildFile section */

/* Begin PBXContainerItemProxy section */
		93F7E5342C007FEE00E37F1E /* PBXContainerItemProxy */ = {
			isa = PBXContainerItemProxy;
			containerPortal = 93F7E5262C007FED00E37F1E /* Project object */;
			proxyType = 1;
			remoteGlobalIDString = 93F7E5312C007FED00E37F1E;
			remoteInfo = "Testing Watch App";
		};
/* End PBXContainerItemProxy section */

/* Begin PBXCopyFilesBuildPhase section */
		93F7E5452C007FEE00E37F1E /* Embed Watch Content */ = {
			isa = PBXCopyFilesBuildPhase;
			buildActionMask = 2147483647;
			dstPath = "$(CONTENTS_FOLDER_PATH)/Watch";
			dstSubfolderSpec = 16;
			files = (
				93F7E5332C007FEE00E37F1E /* Testing Watch App.app in Embed Watch Content */,
			);
			name = "Embed Watch Content";
			runOnlyForDeploymentPostprocessing = 0;
		};
/* End PBXCopyFilesBuildPhase section */

/* Begin PBXFileReference section */
		9378AB8D2C01A44200856A2A /* Testing Watch App.entitlements */ = {isa = PBXFileReference; lastKnownFileType = text.plist.entitlements; path = "Testing Watch App.entitlements"; sourceTree = "<group>"; };
		9378AB8E2C01E71D00856A2A /* RunningDetailView.swift */ = {isa = PBXFileReference; lastKnownFileType = sourcecode.swift; path = RunningDetailView.swift; sourceTree = "<group>"; };
		93F7E52C2C007FED00E37F1E /* Testing.app */ = {isa = PBXFileReference; explicitFileType = wrapper.application; includeInIndex = 0; path = Testing.app; sourceTree = BUILT_PRODUCTS_DIR; };
		93F7E5322C007FEE00E37F1E /* Testing Watch App.app */ = {isa = PBXFileReference; explicitFileType = wrapper.application; includeInIndex = 0; path = "Testing Watch App.app"; sourceTree = BUILT_PRODUCTS_DIR; };
		93F7E5372C007FEE00E37F1E /* TestingApp.swift */ = {isa = PBXFileReference; lastKnownFileType = sourcecode.swift; path = TestingApp.swift; sourceTree = "<group>"; };
		93F7E5392C007FEE00E37F1E /* ContentView.swift */ = {isa = PBXFileReference; lastKnownFileType = sourcecode.swift; path = ContentView.swift; sourceTree = "<group>"; };
		93F7E53B2C007FEE00E37F1E /* Assets.xcassets */ = {isa = PBXFileReference; lastKnownFileType = folder.assetcatalog; path = Assets.xcassets; sourceTree = "<group>"; };
		93F7E53E2C007FEE00E37F1E /* Preview Assets.xcassets */ = {isa = PBXFileReference; lastKnownFileType = folder.assetcatalog; path = "Preview Assets.xcassets"; sourceTree = "<group>"; };
/* End PBXFileReference section */

/* Begin PBXFrameworksBuildPhase section */
		93F7E52F2C007FED00E37F1E /* Frameworks */ = {
			isa = PBXFrameworksBuildPhase;
			buildActionMask = 2147483647;
			files = (
			);
			runOnlyForDeploymentPostprocessing = 0;
		};
/* End PBXFrameworksBuildPhase section */

/* Begin PBXGroup section */
		93F7E5252C007FED00E37F1E = {
			isa = PBXGroup;
			children = (
				93F7E5362C007FEE00E37F1E /* Testing Watch App */,
				93F7E52D2C007FED00E37F1E /* Products */,
			);
			sourceTree = "<group>";
		};
		93F7E52D2C007FED00E37F1E /* Products */ = {
			isa = PBXGroup;
			children = (
				93F7E52C2C007FED00E37F1E /* Testing.app */,
				93F7E5322C007FEE00E37F1E /* Testing Watch App.app */,
			);
			name = Products;
			sourceTree = "<group>";
		};
		93F7E5362C007FEE00E37F1E /* Testing Watch App */ = {
			isa = PBXGroup;
			children = (
				9378AB8D2C01A44200856A2A /* Testing Watch App.entitlements */,
				93F7E5372C007FEE00E37F1E /* TestingApp.swift */,
				93F7E5392C007FEE00E37F1E /* ContentView.swift */,
				93F7E53B2C007FEE00E37F1E /* Assets.xcassets */,
				93F7E53D2C007FEE00E37F1E /* Preview Content */,
			);
			path = "Testing Watch App";
			sourceTree = "<group>";
		};
		93F7E53D2C007FEE00E37F1E /* Preview Content */ = {
			isa = PBXGroup;
			children = (
				9378AB8E2C01E71D00856A2A /* RunningDetailView.swift */,
				93F7E53E2C007FEE00E37F1E /* Preview Assets.xcassets */,
			);
			path = "Preview Content";
			sourceTree = "<group>";
		};
/* End PBXGroup section */

/* Begin PBXNativeTarget section */
		93F7E52B2C007FED00E37F1E /* Testing */ = {
			isa = PBXNativeTarget;
			buildConfigurationList = 93F7E5462C007FEE00E37F1E /* Build configuration list for PBXNativeTarget "Testing" */;
			buildPhases = (
				93F7E52A2C007FED00E37F1E /* Resources */,
				93F7E5452C007FEE00E37F1E /* Embed Watch Content */,
			);
			buildRules = (
			);
			dependencies = (
				93F7E5352C007FEE00E37F1E /* PBXTargetDependency */,
			);
			name = Testing;
			productName = Testing;
			productReference = 93F7E52C2C007FED00E37F1E /* Testing.app */;
			productType = "com.apple.product-type.application.watchapp2-container";
		};
		93F7E5312C007FED00E37F1E /* Testing Watch App */ = {
			isa = PBXNativeTarget;
			buildConfigurationList = 93F7E5422C007FEE00E37F1E /* Build configuration list for PBXNativeTarget "Testing Watch App" */;
			buildPhases = (
				93F7E52E2C007FED00E37F1E /* Sources */,
				93F7E52F2C007FED00E37F1E /* Frameworks */,
				93F7E5302C007FED00E37F1E /* Resources */,
			);
			buildRules = (
			);
			dependencies = (
			);
			name = "Testing Watch App";
			productName = "Testing Watch App";
			productReference = 93F7E5322C007FEE00E37F1E /* Testing Watch App.app */;
			productType = "com.apple.product-type.application";
		};
/* End PBXNativeTarget section */

/* Begin PBXProject section */
		93F7E5262C007FED00E37F1E /* Project object */ = {
			isa = PBXProject;
			attributes = {
				BuildIndependentTargetsInParallel = 1;
				LastSwiftUpdateCheck = 1530;
				LastUpgradeCheck = 1530;
				TargetAttributes = {
					93F7E52B2C007FED00E37F1E = {
						CreatedOnToolsVersion = 15.3;
					};
					93F7E5312C007FED00E37F1E = {
						CreatedOnToolsVersion = 15.3;
					};
				};
			};
			buildConfigurationList = 93F7E5292C007FED00E37F1E /* Build configuration list for PBXProject "Testing" */;
			compatibilityVersion = "Xcode 14.0";
			developmentRegion = en;
			hasScannedForEncodings = 0;
			knownRegions = (
				en,
				Base,
			);
			mainGroup = 93F7E5252C007FED00E37F1E;
			productRefGroup = 93F7E52D2C007FED00E37F1E /* Products */;
			projectDirPath = "";
			projectRoot = "";
			targets = (
				93F7E52B2C007FED00E37F1E /* Testing */,
				93F7E5312C007FED00E37F1E /* Testing Watch App */,
			);
		};
/* End PBXProject section */

/* Begin PBXResourcesBuildPhase section */
		93F7E52A2C007FED00E37F1E /* Resources */ = {
			isa = PBXResourcesBuildPhase;
			buildActionMask = 2147483647;
			files = (
			);
			runOnlyForDeploymentPostprocessing = 0;
		};
		93F7E5302C007FED00E37F1E /* Resources */ = {
			isa = PBXResourcesBuildPhase;
			buildActionMask = 2147483647;
			files = (
				93F7E53F2C007FEE00E37F1E /* Preview Assets.xcassets in Resources */,
				93F7E53C2C007FEE00E37F1E /* Assets.xcassets in Resources */,
			);
			runOnlyForDeploymentPostprocessing = 0;
		};
/* End PBXResourcesBuildPhase section */

/* Begin PBXSourcesBuildPhase section */
		93F7E52E2C007FED00E37F1E /* Sources */ = {
			isa = PBXSourcesBuildPhase;
			buildActionMask = 2147483647;
			files = (
				93F7E53A2C007FEE00E37F1E /* ContentView.swift in Sources */,
				93F7E5382C007FEE00E37F1E /* TestingApp.swift in Sources */,
				9378AB8F2C01E71D00856A2A /* RunningDetailView.swift in Sources */,
			);
			runOnlyForDeploymentPostprocessing = 0;
		};
/* End PBXSourcesBuildPhase section */

/* Begin PBXTargetDependency section */
		93F7E5352C007FEE00E37F1E /* PBXTargetDependency */ = {
			isa = PBXTargetDependency;
			target = 93F7E5312C007FED00E37F1E /* Testing Watch App */;
			targetProxy = 93F7E5342C007FEE00E37F1E /* PBXContainerItemProxy */;
		};
/* End PBXTargetDependency section */

/* Begin XCBuildConfiguration section */
		93F7E5402C007FEE00E37F1E /* Debug */ = {
			isa = XCBuildConfiguration;
			buildSettings = {
				ALWAYS_SEARCH_USER_PATHS = NO;
				ASSETCATALOG_COMPILER_GENERATE_SWIFT_ASSET_SYMBOL_EXTENSIONS = YES;
				CLANG_ANALYZER_NONNULL = YES;
				CLANG_ANALYZER_NUMBER_OBJECT_CONVERSION = YES_AGGRESSIVE;
				CLANG_CXX_LANGUAGE_STANDARD = "gnu++20";
				CLANG_ENABLE_MODULES = YES;
				CLANG_ENABLE_OBJC_ARC = YES;
				CLANG_ENABLE_OBJC_WEAK = YES;
				CLANG_WARN_BLOCK_CAPTURE_AUTORELEASING = YES;
				CLANG_WARN_BOOL_CONVERSION = YES;
				CLANG_WARN_COMMA = YES;
				CLANG_WARN_CONSTANT_CONVERSION = YES;
				CLANG_WARN_DEPRECATED_OBJC_IMPLEMENTATIONS = YES;
				CLANG_WARN_DIRECT_OBJC_ISA_USAGE = YES_ERROR;
				CLANG_WARN_DOCUMENTATION_COMMENTS = YES;
				CLANG_WARN_EMPTY_BODY = YES;
				CLANG_WARN_ENUM_CONVERSION = YES;
				CLANG_WARN_INFINITE_RECURSION = YES;
				CLANG_WARN_INT_CONVERSION = YES;
				CLANG_WARN_NON_LITERAL_NULL_CONVERSION = YES;
				CLANG_WARN_OBJC_IMPLICIT_RETAIN_SELF = YES;
				CLANG_WARN_OBJC_LITERAL_CONVERSION = YES;
				CLANG_WARN_OBJC_ROOT_CLASS = YES_ERROR;
				CLANG_WARN_QUOTED_INCLUDE_IN_FRAMEWORK_HEADER = YES;
				CLANG_WARN_RANGE_LOOP_ANALYSIS = YES;
				CLANG_WARN_STRICT_PROTOTYPES = YES;
				CLANG_WARN_SUSPICIOUS_MOVE = YES;
				CLANG_WARN_UNGUARDED_AVAILABILITY = YES_AGGRESSIVE;
				CLANG_WARN_UNREACHABLE_CODE = YES;
				CLANG_WARN__DUPLICATE_METHOD_MATCH = YES;
				COPY_PHASE_STRIP = NO;
				DEBUG_INFORMATION_FORMAT = dwarf;
				ENABLE_STRICT_OBJC_MSGSEND = YES;
				ENABLE_TESTABILITY = YES;
				ENABLE_USER_SCRIPT_SANDBOXING = YES;
				GCC_C_LANGUAGE_STANDARD = gnu17;
				GCC_DYNAMIC_NO_PIC = NO;
				GCC_NO_COMMON_BLOCKS = YES;
				GCC_OPTIMIZATION_LEVEL = 0;
				GCC_PREPROCESSOR_DEFINITIONS = (
					"DEBUG=1",
					"$(inherited)",
				);
				GCC_WARN_64_TO_32_BIT_CONVERSION = YES;
				GCC_WARN_ABOUT_RETURN_TYPE = YES_ERROR;
				GCC_WARN_UNDECLARED_SELECTOR = YES;
				GCC_WARN_UNINITIALIZED_AUTOS = YES_AGGRESSIVE;
				GCC_WARN_UNUSED_FUNCTION = YES;
				GCC_WARN_UNUSED_VARIABLE = YES;
				LOCALIZATION_PREFERS_STRING_CATALOGS = YES;
				MTL_ENABLE_DEBUG_INFO = INCLUDE_SOURCE;
				MTL_FAST_MATH = YES;
				ONLY_ACTIVE_ARCH = YES;
				SWIFT_ACTIVE_COMPILATION_CONDITIONS = "DEBUG $(inherited)";
				SWIFT_OPTIMIZATION_LEVEL = "-Onone";
			};
			name = Debug;
		};
		93F7E5412C007FEE00E37F1E /* Release */ = {
			isa = XCBuildConfiguration;
			buildSettings = {
				ALWAYS_SEARCH_USER_PATHS = NO;
				ASSETCATALOG_COMPILER_GENERATE_SWIFT_ASSET_SYMBOL_EXTENSIONS = YES;
				CLANG_ANALYZER_NONNULL = YES;
				CLANG_ANALYZER_NUMBER_OBJECT_CONVERSION = YES_AGGRESSIVE;
				CLANG_CXX_LANGUAGE_STANDARD = "gnu++20";
				CLANG_ENABLE_MODULES = YES;
				CLANG_ENABLE_OBJC_ARC = YES;
				CLANG_ENABLE_OBJC_WEAK = YES;
				CLANG_WARN_BLOCK_CAPTURE_AUTORELEASING = YES;
				CLANG_WARN_BOOL_CONVERSION = YES;
				CLANG_WARN_COMMA = YES;
				CLANG_WARN_CONSTANT_CONVERSION = YES;
				CLANG_WARN_DEPRECATED_OBJC_IMPLEMENTATIONS = YES;
				CLANG_WARN_DIRECT_OBJC_ISA_USAGE = YES_ERROR;
				CLANG_WARN_DOCUMENTATION_COMMENTS = YES;
				CLANG_WARN_EMPTY_BODY = YES;
				CLANG_WARN_ENUM_CONVERSION = YES;
				CLANG_WARN_INFINITE_RECURSION = YES;
				CLANG_WARN_INT_CONVERSION = YES;
				CLANG_WARN_NON_LITERAL_NULL_CONVERSION = YES;
				CLANG_WARN_OBJC_IMPLICIT_RETAIN_SELF = YES;
				CLANG_WARN_OBJC_LITERAL_CONVERSION = YES;
				CLANG_WARN_OBJC_ROOT_CLASS = YES_ERROR;
				CLANG_WARN_QUOTED_INCLUDE_IN_FRAMEWORK_HEADER = YES;
				CLANG_WARN_RANGE_LOOP_ANALYSIS = YES;
				CLANG_WARN_STRICT_PROTOTYPES = YES;
				CLANG_WARN_SUSPICIOUS_MOVE = YES;
				CLANG_WARN_UNGUARDED_AVAILABILITY = YES_AGGRESSIVE;
				CLANG_WARN_UNREACHABLE_CODE = YES;
				CLANG_WARN__DUPLICATE_METHOD_MATCH = YES;
				COPY_PHASE_STRIP = NO;
				DEBUG_INFORMATION_FORMAT = "dwarf-with-dsym";
				ENABLE_NS_ASSERTIONS = NO;
				ENABLE_STRICT_OBJC_MSGSEND = YES;
				ENABLE_USER_SCRIPT_SANDBOXING = YES;
				GCC_C_LANGUAGE_STANDARD = gnu17;
				GCC_NO_COMMON_BLOCKS = YES;
				GCC_WARN_64_TO_32_BIT_CONVERSION = YES;
				GCC_WARN_ABOUT_RETURN_TYPE = YES_ERROR;
				GCC_WARN_UNDECLARED_SELECTOR = YES;
				GCC_WARN_UNINITIALIZED_AUTOS = YES_AGGRESSIVE;
				GCC_WARN_UNUSED_FUNCTION = YES;
				GCC_WARN_UNUSED_VARIABLE = YES;
				LOCALIZATION_PREFERS_STRING_CATALOGS = YES;
				MTL_ENABLE_DEBUG_INFO = NO;
				MTL_FAST_MATH = YES;
				SWIFT_COMPILATION_MODE = wholemodule;
			};
			name = Release;
		};
		93F7E5432C007FEE00E37F1E /* Debug */ = {
			isa = XCBuildConfiguration;
			buildSettings = {
				ASSETCATALOG_COMPILER_APPICON_NAME = AppIcon;
				ASSETCATALOG_COMPILER_GLOBAL_ACCENT_COLOR_NAME = AccentColor;
				CODE_SIGN_ENTITLEMENTS = "Testing Watch App/Testing Watch App.entitlements";
				CODE_SIGN_STYLE = Automatic;
				CURRENT_PROJECT_VERSION = 1;
				DEVELOPMENT_ASSET_PATHS = "\"Testing Watch App/Preview Content\"";
				DEVELOPMENT_TEAM = P46JTYLDQG;
				ENABLE_PREVIEWS = YES;
				GENERATE_INFOPLIST_FILE = YES;
				INFOPLIST_KEY_CFBundleDisplayName = Testing;
				INFOPLIST_KEY_NSHealthClinicalHealthRecordsShareUsageDescription = "This app needs your records";
				INFOPLIST_KEY_NSHealthShareUsageDescription = "This app needs your heart rate to function.";
				INFOPLIST_KEY_NSHealthUpdateUsageDescription = "This app needs your heart rate.";
				INFOPLIST_KEY_NSLocationWhenInUseUsageDescription = "This app needs location";
				INFOPLIST_KEY_UISupportedInterfaceOrientations = "UIInterfaceOrientationPortrait UIInterfaceOrientationPortraitUpsideDown";
				INFOPLIST_KEY_WKWatchOnly = YES;
				LD_RUNPATH_SEARCH_PATHS = (
					"$(inherited)",
					"@executable_path/Frameworks",
				);
				MARKETING_VERSION = 1.0;
				PRODUCT_BUNDLE_IDENTIFIER = com.bryan.Testing.watchkitapp;
				PRODUCT_NAME = "$(TARGET_NAME)";
				SDKROOT = watchos;
				SKIP_INSTALL = YES;
				SWIFT_EMIT_LOC_STRINGS = YES;
				SWIFT_VERSION = 5.0;
				TARGETED_DEVICE_FAMILY = 4;
				WATCHOS_DEPLOYMENT_TARGET = 10.4;
			};
			name = Debug;
		};
		93F7E5442C007FEE00E37F1E /* Release */ = {
			isa = XCBuildConfiguration;
			buildSettings = {
				ASSETCATALOG_COMPILER_APPICON_NAME = AppIcon;
				ASSETCATALOG_COMPILER_GLOBAL_ACCENT_COLOR_NAME = AccentColor;
				CODE_SIGN_ENTITLEMENTS = "Testing Watch App/Testing Watch App.entitlements";
				CODE_SIGN_STYLE = Automatic;
				CURRENT_PROJECT_VERSION = 1;
				DEVELOPMENT_ASSET_PATHS = "\"Testing Watch App/Preview Content\"";
				DEVELOPMENT_TEAM = P46JTYLDQG;
				ENABLE_PREVIEWS = YES;
				GENERATE_INFOPLIST_FILE = YES;
				INFOPLIST_KEY_CFBundleDisplayName = Testing;
				INFOPLIST_KEY_NSHealthClinicalHealthRecordsShareUsageDescription = "This app needs your records";
				INFOPLIST_KEY_NSHealthShareUsageDescription = "This app needs your heart rate to function.";
				INFOPLIST_KEY_NSHealthUpdateUsageDescription = "This app needs your heart rate.";
				INFOPLIST_KEY_NSLocationWhenInUseUsageDescription = "This app needs location";
				INFOPLIST_KEY_UISupportedInterfaceOrientations = "UIInterfaceOrientationPortrait UIInterfaceOrientationPortraitUpsideDown";
				INFOPLIST_KEY_WKWatchOnly = YES;
				LD_RUNPATH_SEARCH_PATHS = (
					"$(inherited)",
					"@executable_path/Frameworks",
				);
				MARKETING_VERSION = 1.0;
				PRODUCT_BUNDLE_IDENTIFIER = com.bryan.Testing.watchkitapp;
				PRODUCT_NAME = "$(TARGET_NAME)";
				SDKROOT = watchos;
				SKIP_INSTALL = YES;
				SWIFT_EMIT_LOC_STRINGS = YES;
				SWIFT_VERSION = 5.0;
				TARGETED_DEVICE_FAMILY = 4;
				VALIDATE_PRODUCT = YES;
				WATCHOS_DEPLOYMENT_TARGET = 10.4;
			};
			name = Release;
		};
		93F7E5472C007FEE00E37F1E /* Debug */ = {
			isa = XCBuildConfiguration;
			buildSettings = {
				ALWAYS_EMBED_SWIFT_STANDARD_LIBRARIES = YES;
				CODE_SIGN_STYLE = Automatic;
				CURRENT_PROJECT_VERSION = 1;
				DEVELOPMENT_TEAM = P46JTYLDQG;
				INFOPLIST_KEY_CFBundleDisplayName = Testing;
				MARKETING_VERSION = 1.0;
				PRODUCT_BUNDLE_IDENTIFIER = com.bryan.Testingxxx;
				PRODUCT_NAME = "$(TARGET_NAME)";
				SDKROOT = iphoneos;
				SWIFT_VERSION = 5.0;
			};
			name = Debug;
		};
		93F7E5482C007FEE00E37F1E /* Release */ = {
			isa = XCBuildConfiguration;
			buildSettings = {
				ALWAYS_EMBED_SWIFT_STANDARD_LIBRARIES = YES;
				CODE_SIGN_STYLE = Automatic;
				CURRENT_PROJECT_VERSION = 1;
				DEVELOPMENT_TEAM = P46JTYLDQG;
				INFOPLIST_KEY_CFBundleDisplayName = Testing;
				MARKETING_VERSION = 1.0;
				PRODUCT_BUNDLE_IDENTIFIER = com.bryan.Testingxxx;
				PRODUCT_NAME = "$(TARGET_NAME)";
				SDKROOT = iphoneos;
				SWIFT_VERSION = 5.0;
				VALIDATE_PRODUCT = YES;
			};
			name = Release;
		};
/* End XCBuildConfiguration section */

/* Begin XCConfigurationList section */
		93F7E5292C007FED00E37F1E /* Build configuration list for PBXProject "Testing" */ = {
			isa = XCConfigurationList;
			buildConfigurations = (
				93F7E5402C007FEE00E37F1E /* Debug */,
				93F7E5412C007FEE00E37F1E /* Release */,
			);
			defaultConfigurationIsVisible = 0;
			defaultConfigurationName = Release;
		};
		93F7E5422C007FEE00E37F1E /* Build configuration list for PBXNativeTarget "Testing Watch App" */ = {
			isa = XCConfigurationList;
			buildConfigurations = (
				93F7E5432C007FEE00E37F1E /* Debug */,
				93F7E5442C007FEE00E37F1E /* Release */,
			);
			defaultConfigurationIsVisible = 0;
			defaultConfigurationName = Release;
		};
		93F7E5462C007FEE00E37F1E /* Build configuration list for PBXNativeTarget "Testing" */ = {
			isa = XCConfigurationList;
			buildConfigurations = (
				93F7E5472C007FEE00E37F1E /* Debug */,
				93F7E5482C007FEE00E37F1E /* Release */,
			);
			defaultConfigurationIsVisible = 0;
			defaultConfigurationName = Release;
		};
/* End XCConfigurationList section */
	};
	rootObject = 93F7E5262C007FED00E37F1E /* Project object */;
}
